
Microsoft Visual Studio Solution File, Format Version 12.00
# Visual Studio Version 17
VisualStudioVersion = 17.0.32112.339
MinimumVisualStudioVersion = 10.0.40219.1
Project("{FAE04EC0-301F-11D3-BF4B-00C04F79EFBC}") = "MoodAnalyzer", "MoodAnalyzer\MoodAnalyzer.csproj", "{6490E046-0490-4D1A-AFE3-10BD6AA96D97}"
EndProject
Project("{FAE04EC0-301F-11D3-BF4B-00C04F79EFBC}") = "MoodAnalyzerTest", "..\MoodAnalyzerTest\MoodAnalyzerTest.csproj", "{5F05040A-978E-44BD-A6D8-EA1801466E11}"
EndProject
Global
	GlobalSection(SolutionConfigurationPlatforms) = preSolution
		Debug|Any CPU = Debug|Any CPU
		Release|Any CPU = Release|Any CPU
	EndGlobalSection
	GlobalSection(ProjectConfigurationPlatforms) = postSolution
		{6490E046-0490-4D1A-AFE3-10BD6AA96D97}.Debug|Any CPU.ActiveCfg = Debug|Any CPU
		{6490E046-0490-4D1A-AFE3-10BD6AA96D97}.Debug|Any CPU.Build.0 = Debug|Any CPU
		{6490E046-0490-4D1A-AFE3-10BD6AA96D97}.Release|Any CPU.ActiveCfg = Release|Any CPU
		{6490E046-0490-4D1A-AFE3-10BD6AA96D97}.Release|Any CPU.Build.0 = Release|Any CPU
		{5F05040A-978E-44BD-A6D8-EA1801466E11}.Debug|Any CPU.ActiveCfg = Debug|Any CPU
		{5F05040A-978E-44BD-A6D8-EA1801466E11}.Debug|Any CPU.Build.0 = Debug|Any CPU
		{5F05040A-978E-44BD-A6D8-EA1801466E11}.Release|Any CPU.ActiveCfg = Release|Any CPU
		{5F05040A-978E-44BD-A6D8-EA1801466E11}.Release|Any CPU.Build.0 = Release|Any CPU
	EndGlobalSection
	GlobalSection(SolutionProperties) = preSolution
		HideSolutionNode = FALSE
	EndGlobalSection
	GlobalSection(ExtensibilityGlobals) = postSolution
		SolutionGuid = {B5BE9931-9037-434F-8C01-0B6D1BC2A658}
	EndGlobalSection
EndGlobal
